# Code generated by scarb DO NOT EDIT.
version = 1

[[package]]
name = "openzeppelin"
version = "1.0.3-rc.10"
source = "git+https://github.com/OpenZeppelin/cairo-contracts.git?tag=v1.0.3-rc.10#33c63fab538a1834277d96dca6a0e9ae84050d11"

[[package]]
name = "snforge_std"
version = "0.16.0"
source = "git+https://github.com/foundry-rs/starknet-foundry?tag=v0.16.0#f58e0ab42b6095b7d0cb841ede595aecbc9cb45d"

[[package]]
name = "wuw_contracts"
version = "0.1.0"
dependencies = [
 "openzeppelin",
 "snforge_std",
]
